lockfileVersion: '9.0'

settings:
  autoInstallPeers: true
  excludeLinksFromLockfile: false

importers:

  .:
    dependencies:
      '@standard-schema/spec':
        specifier: ^1.0.0
        version: 1.0.0
      postgres:
        specifier: ^3.4.7
        version: 3.4.7
    devDependencies:
      '@types/node':
        specifier: ^24.6.2
        version: 24.6.2
      radashi:
        specifier: ^12.6.2
        version: 12.6.2
      type-fest:
        specifier: ^5.0.1
        version: 5.0.1

packages:

  '@standard-schema/spec@1.0.0':
    resolution: {integrity: sha512-m2bOd0f2RT9k8QJx1JN85cZYyH1RqFBdlwtkSlf4tBDYLCiiZnv1fIIwacK6cqwXavOydf0NPToMQgpKq+dVlA==}

  '@types/node@24.6.2':
    resolution: {integrity: sha512-d2L25Y4j+W3ZlNAeMKcy7yDsK425ibcAOO2t7aPTz6gNMH0z2GThtwENCDc0d/Pw9wgyRqE5Px1wkV7naz8ang==}

  postgres@3.4.7:
    resolution: {integrity: sha512-Jtc2612XINuBjIl/QTWsV5UvE8UHuNblcO3vVADSrKsrc6RqGX6lOW1cEo3CM2v0XG4Nat8nI+YM7/f26VxXLw==}
    engines: {node: '>=12'}

  radashi@12.6.2:
    resolution: {integrity: sha512-43uD9P3oZ1nT9lgHr2P34K7aEIQh6ku2FDQsDhjaUpaj2sb3il6Xe8s8MS31uJmcbYl0v2Ul35V7OjMG8yrcDw==}
    engines: {node: '>=16.0.0'}

  tagged-tag@1.0.0:
    resolution: {integrity: sha512-yEFYrVhod+hdNyx7g5Bnkkb0G6si8HJurOoOEgC8B/O0uXLHlaey/65KRv6cuWBNhBgHKAROVpc7QyYqE5gFng==}
    engines: {node: '>=20'}

  type-fest@5.0.1:
    resolution: {integrity: sha512-9MpwAI52m8H6ssA542UxSLnSiSD2dsC3/L85g6hVubLSXd82wdI80eZwTWhdOfN67NlA+D+oipAs1MlcTcu3KA==}
    engines: {node: '>=20'}

  undici-types@7.13.0:
    resolution: {integrity: sha512-Ov2Rr9Sx+fRgagJ5AX0qvItZG/JKKoBRAVITs1zk7IqZGTJUwgUr7qoYBpWwakpWilTZFM98rG/AFRocu10iIQ==}

snapshots:

  '@standard-schema/spec@1.0.0': {}

  '@types/node@24.6.2':
    dependencies:
      undici-types: 7.13.0

  postgres@3.4.7: {}

  radashi@12.6.2: {}

  tagged-tag@1.0.0: {}

  type-fest@5.0.1:
    dependencies:
      tagged-tag: 1.0.0

  undici-types@7.13.0: {}
